
Microsoft Visual Studio Solution File, Format Version 12.00
# Visual Studio Version 17
VisualStudioVersion = 17.10.35027.167
MinimumVisualStudioVersion = 10.0.40219.1
Project("{9A19103F-16F7-4668-BE54-9A1E7A4F7556}") = "AiAssistance", "src\AiAssistance\AiAssistance.csproj", "{52E02485-C0D2-4F4E-9AC3-BE80F216C702}"
EndProject
Global
	GlobalSection(SolutionConfigurationPlatforms) = preSolution
		Debug_Cuda|Any CPU = Debug_Cuda|Any CPU
		Debug|Any CPU = Debug|Any CPU
		Release_Cuda|Any CPU = Release_Cuda|Any CPU
		Release|Any CPU = Release|Any CPU
	EndGlobalSection
	GlobalSection(ProjectConfigurationPlatforms) = postSolution
		{52E02485-C0D2-4F4E-9AC3-BE80F216C702}.Debug_Cuda|Any CPU.ActiveCfg = Debug_Cuda|Any CPU
		{52E02485-C0D2-4F4E-9AC3-BE80F216C702}.Debug_Cuda|Any CPU.Build.0 = Debug_Cuda|Any CPU
		{52E02485-C0D2-4F4E-9AC3-BE80F216C702}.Debug|Any CPU.ActiveCfg = Debug|Any CPU
		{52E02485-C0D2-4F4E-9AC3-BE80F216C702}.Debug|Any CPU.Build.0 = Debug|Any CPU
		{52E02485-C0D2-4F4E-9AC3-BE80F216C702}.Release_Cuda|Any CPU.ActiveCfg = Release_Cuda|Any CPU
		{52E02485-C0D2-4F4E-9AC3-BE80F216C702}.Release_Cuda|Any CPU.Build.0 = Release_Cuda|Any CPU
		{52E02485-C0D2-4F4E-9AC3-BE80F216C702}.Release|Any CPU.ActiveCfg = Release|Any CPU
		{52E02485-C0D2-4F4E-9AC3-BE80F216C702}.Release|Any CPU.Build.0 = Release|Any CPU
	EndGlobalSection
	GlobalSection(SolutionProperties) = preSolution
		HideSolutionNode = FALSE
	EndGlobalSection
	GlobalSection(ExtensibilityGlobals) = postSolution
		SolutionGuid = {7C8E140F-8555-4B96-A87A-1A7CE282AFE1}
	EndGlobalSection
EndGlobal
