
Microsoft Visual Studio Solution File, Format Version 12.00
# Visual Studio Version 17
VisualStudioVersion = 17.10.35027.167
MinimumVisualStudioVersion = 10.0.40219.1
Project("{9A19103F-16F7-4668-BE54-9A1E7A4F7556}") = "AiAssistance", "AiAssistance\AiAssistance.csproj", "{F25F739F-4985-412B-8960-634B6E4083B1}"
EndProject
Global
	GlobalSection(SolutionConfigurationPlatforms) = preSolution
		Debug_Cuda|Any CPU = Debug_Cuda|Any CPU
		Debug|Any CPU = Debug|Any CPU
		Release_Cuda|Any CPU = Release_Cuda|Any CPU
		Release|Any CPU = Release|Any CPU
	EndGlobalSection
	GlobalSection(ProjectConfigurationPlatforms) = postSolution
		{F25F739F-4985-412B-8960-634B6E4083B1}.Debug_Cuda|Any CPU.ActiveCfg = Debug_Cuda|Any CPU
		{F25F739F-4985-412B-8960-634B6E4083B1}.Debug_Cuda|Any CPU.Build.0 = Debug_Cuda|Any CPU
		{F25F739F-4985-412B-8960-634B6E4083B1}.Debug|Any CPU.ActiveCfg = Debug|Any CPU
		{F25F739F-4985-412B-8960-634B6E4083B1}.Debug|Any CPU.Build.0 = Debug|Any CPU
		{F25F739F-4985-412B-8960-634B6E4083B1}.Release_Cuda|Any CPU.ActiveCfg = Release_Cuda|Any CPU
		{F25F739F-4985-412B-8960-634B6E4083B1}.Release_Cuda|Any CPU.Build.0 = Release_Cuda|Any CPU
		{F25F739F-4985-412B-8960-634B6E4083B1}.Release|Any CPU.ActiveCfg = Release|Any CPU
		{F25F739F-4985-412B-8960-634B6E4083B1}.Release|Any CPU.Build.0 = Release|Any CPU
	EndGlobalSection
	GlobalSection(SolutionProperties) = preSolution
		HideSolutionNode = FALSE
	EndGlobalSection
	GlobalSection(ExtensibilityGlobals) = postSolution
		SolutionGuid = {7C8E140F-8555-4B96-A87A-1A7CE282AFE1}
	EndGlobalSection
EndGlobal
